
Microsoft Visual Studio Solution File, Format Version 12.00
# Visual Studio Version 17
VisualStudioVersion = 17.3.32825.248
MinimumVisualStudioVersion = 10.0.40219.1
Project("{FAE04EC0-301F-11D3-BF4B-00C04F79EFBC}") = "alg_laba2", "alg_laba2\alg_laba2.csproj", "{DB2D2E99-1220-40CA-A4C0-1F5FC6F644A0}"
EndProject
Global
	GlobalSection(SolutionConfigurationPlatforms) = preSolution
		Debug|Any CPU = Debug|Any CPU
		Release|Any CPU = Release|Any CPU
	EndGlobalSection
	GlobalSection(ProjectConfigurationPlatforms) = postSolution
		{DB2D2E99-1220-40CA-A4C0-1F5FC6F644A0}.Debug|Any CPU.ActiveCfg = Debug|Any CPU
		{DB2D2E99-1220-40CA-A4C0-1F5FC6F644A0}.Debug|Any CPU.Build.0 = Debug|Any CPU
		{DB2D2E99-1220-40CA-A4C0-1F5FC6F644A0}.Release|Any CPU.ActiveCfg = Release|Any CPU
		{DB2D2E99-1220-40CA-A4C0-1F5FC6F644A0}.Release|Any CPU.Build.0 = Release|Any CPU
	EndGlobalSection
	GlobalSection(SolutionProperties) = preSolution
		HideSolutionNode = FALSE
	EndGlobalSection
	GlobalSection(ExtensibilityGlobals) = postSolution
		SolutionGuid = {C1F0FA80-9B76-45A9-9E78-59CD120378BA}
	EndGlobalSection
EndGlobal
